// !$*UTF8*$!
{
	archiveVersion = 1;
	classes = {
	};
	objectVersion = 56;
	objects = {

/* Begin PBXBuildFile section */
		ABBC8B4C29720BB300EAE439 /* SphereBoundingBoxApp.swift in Sources */ = {isa = PBXBuildFile; fileRef = ABBC8B4B29720BB300EAE439 /* SphereBoundingBoxApp.swift */; };
		ABBC8B4E29720BB300EAE439 /* ContentView.swift in Sources */ = {isa = PBXBuildFile; fileRef = ABBC8B4D29720BB300EAE439 /* ContentView.swift */; };
		ABBC8B5029720BB400EAE439 /* Assets.xcassets in Resources */ = {isa = PBXBuildFile; fileRef = ABBC8B4F29720BB400EAE439 /* Assets.xcassets */; };
		ABBC8B5429720BB400EAE439 /* Preview Assets.xcassets in Resources */ = {isa = PBXBuildFile; fileRef = ABBC8B5329720BB400EAE439 /* Preview Assets.xcassets */; };
		ABBC8B5E29720BB400EAE439 /* SphereBoundingBoxTests.swift in Sources */ = {isa = PBXBuildFile; fileRef = ABBC8B5D29720BB400EAE439 /* SphereBoundingBoxTests.swift */; };
		ABBC8B6829720BB400EAE439 /* SphereBoundingBoxUITests.swift in Sources */ = {isa = PBXBuildFile; fileRef = ABBC8B6729720BB400EAE439 /* SphereBoundingBoxUITests.swift */; };
		ABBC8B6A29720BB400EAE439 /* SphereBoundingBoxUITestsLaunchTests.swift in Sources */ = {isa = PBXBuildFile; fileRef = ABBC8B6929720BB400EAE439 /* SphereBoundingBoxUITestsLaunchTests.swift */; };
/* End PBXBuildFile section */

/* Begin PBXContainerItemProxy section */
		ABBC8B5A29720BB400EAE439 /* PBXContainerItemProxy */ = {
			isa = PBXContainerItemProxy;
			containerPortal = ABBC8B4029720BB300EAE439 /* Project object */;
			proxyType = 1;
			remoteGlobalIDString = ABBC8B4729720BB300EAE439;
			remoteInfo = SphereBoundingBox;
		};
		ABBC8B6429720BB400EAE439 /* PBXContainerItemProxy */ = {
			isa = PBXContainerItemProxy;
			containerPortal = ABBC8B4029720BB300EAE439 /* Project object */;
			proxyType = 1;
			remoteGlobalIDString = ABBC8B4729720BB300EAE439;
			remoteInfo = SphereBoundingBox;
		};
/* End PBXContainerItemProxy section */

/* Begin PBXFileReference section */
		ABBC8B4829720BB300EAE439 /* SphereBoundingBox.app */ = {isa = PBXFileReference; explicitFileType = wrapper.application; includeInIndex = 0; path = SphereBoundingBox.app; sourceTree = BUILT_PRODUCTS_DIR; };
		ABBC8B4B29720BB300EAE439 /* SphereBoundingBoxApp.swift */ = {isa = PBXFileReference; lastKnownFileType = sourcecode.swift; path = SphereBoundingBoxApp.swift; sourceTree = "<group>"; };
		ABBC8B4D29720BB300EAE439 /* ContentView.swift */ = {isa = PBXFileReference; lastKnownFileType = sourcecode.swift; path = ContentView.swift; sourceTree = "<group>"; };
		ABBC8B4F29720BB400EAE439 /* Assets.xcassets */ = {isa = PBXFileReference; lastKnownFileType = folder.assetcatalog; path = Assets.xcassets; sourceTree = "<group>"; };
		ABBC8B5129720BB400EAE439 /* SphereBoundingBox.entitlements */ = {isa = PBXFileReference; lastKnownFileType = text.plist.entitlements; path = SphereBoundingBox.entitlements; sourceTree = "<group>"; };
		ABBC8B5329720BB400EAE439 /* Preview Assets.xcassets */ = {isa = PBXFileReference; lastKnownFileType = folder.assetcatalog; path = "Preview Assets.xcassets"; sourceTree = "<group>"; };
		ABBC8B5929720BB400EAE439 /* SphereBoundingBoxTests.xctest */ = {isa = PBXFileReference; explicitFileType = wrapper.cfbundle; includeInIndex = 0; path = SphereBoundingBoxTests.xctest; sourceTree = BUILT_PRODUCTS_DIR; };
		ABBC8B5D29720BB400EAE439 /* SphereBoundingBoxTests.swift */ = {isa = PBXFileReference; lastKnownFileType = sourcecode.swift; path = SphereBoundingBoxTests.swift; sourceTree = "<group>"; };
		ABBC8B6329720BB400EAE439 /* SphereBoundingBoxUITests.xctest */ = {isa = PBXFileReference; explicitFileType = wrapper.cfbundle; includeInIndex = 0; path = SphereBoundingBoxUITests.xctest; sourceTree = BUILT_PRODUCTS_DIR; };
		ABBC8B6729720BB400EAE439 /* SphereBoundingBoxUITests.swift */ = {isa = PBXFileReference; lastKnownFileType = sourcecode.swift; path = SphereBoundingBoxUITests.swift; sourceTree = "<group>"; };
		ABBC8B6929720BB400EAE439 /* SphereBoundingBoxUITestsLaunchTests.swift */ = {isa = PBXFileReference; lastKnownFileType = sourcecode.swift; path = SphereBoundingBoxUITestsLaunchTests.swift; sourceTree = "<group>"; };
/* End PBXFileReference section */

/* Begin PBXFrameworksBuildPhase section */
		ABBC8B4529720BB300EAE439 /* Frameworks */ = {
			isa = PBXFrameworksBuildPhase;
			buildActionMask = 2147483647;
			files = (
			);
			runOnlyForDeploymentPostprocessing = 0;
		};
		ABBC8B5629720BB400EAE439 /* Frameworks */ = {
			isa = PBXFrameworksBuildPhase;
			buildActionMask = 2147483647;
			files = (
			);
			runOnlyForDeploymentPostprocessing = 0;
		};
		ABBC8B6029720BB400EAE439 /* Frameworks */ = {
			isa = PBXFrameworksBuildPhase;
			buildActionMask = 2147483647;
			files = (
			);
			runOnlyForDeploymentPostprocessing = 0;
		};
/* End PBXFrameworksBuildPhase section */

/* Begin PBXGroup section */
		ABBC8B3F29720BB300EAE439 = {
			isa = PBXGroup;
			children = (
				ABBC8B4A29720BB300EAE439 /* SphereBoundingBox */,
				ABBC8B5C29720BB400EAE439 /* SphereBoundingBoxTests */,
				ABBC8B6629720BB400EAE439 /* SphereBoundingBoxUITests */,
				ABBC8B4929720BB300EAE439 /* Products */,
			);
			sourceTree = "<group>";
		};
		ABBC8B4929720BB300EAE439 /* Products */ = {
			isa = PBXGroup;
			children = (
				ABBC8B4829720BB300EAE439 /* SphereBoundingBox.app */,
				ABBC8B5929720BB400EAE439 /* SphereBoundingBoxTests.xctest */,
				ABBC8B6329720BB400EAE439 /* SphereBoundingBoxUITests.xctest */,
			);
			name = Products;
			sourceTree = "<group>";
		};
		ABBC8B4A29720BB300EAE439 /* SphereBoundingBox */ = {
			isa = PBXGroup;
			children = (
				ABBC8B4B29720BB300EAE439 /* SphereBoundingBoxApp.swift */,
				ABBC8B4D29720BB300EAE439 /* ContentView.swift */,
				ABBC8B4F29720BB400EAE439 /* Assets.xcassets */,
				ABBC8B5129720BB400EAE439 /* SphereBoundingBox.entitlements */,
				ABBC8B5229720BB400EAE439 /* Preview Content */,
			);
			path = SphereBoundingBox;
			sourceTree = "<group>";
		};
		ABBC8B5229720BB400EAE439 /* Preview Content */ = {
			isa = PBXGroup;
			children = (
				ABBC8B5329720BB400EAE439 /* Preview Assets.xcassets */,
			);
			path = "Preview Content";
			sourceTree = "<group>";
		};
		ABBC8B5C29720BB400EAE439 /* SphereBoundingBoxTests */ = {
			isa = PBXGroup;
			children = (
				ABBC8B5D29720BB400EAE439 /* SphereBoundingBoxTests.swift */,
			);
			path = SphereBoundingBoxTests;
			sourceTree = "<group>";
		};
		ABBC8B6629720BB400EAE439 /* SphereBoundingBoxUITests */ = {
			isa = PBXGroup;
			children = (
				ABBC8B6729720BB400EAE439 /* SphereBoundingBoxUITests.swift */,
				ABBC8B6929720BB400EAE439 /* SphereBoundingBoxUITestsLaunchTests.swift */,
			);
			path = SphereBoundingBoxUITests;
			sourceTree = "<group>";
		};
/* End PBXGroup section */

/* Begin PBXNativeTarget section */
		ABBC8B4729720BB300EAE439 /* SphereBoundingBox */ = {
			isa = PBXNativeTarget;
			buildConfigurationList = ABBC8B6D29720BB400EAE439 /* Build configuration list for PBXNativeTarget "SphereBoundingBox" */;
			buildPhases = (
				ABBC8B4429720BB300EAE439 /* Sources */,
				ABBC8B4529720BB300EAE439 /* Frameworks */,
				ABBC8B4629720BB300EAE439 /* Resources */,
			);
			buildRules = (
			);
			dependencies = (
			);
			name = SphereBoundingBox;
			productName = SphereBoundingBox;
			productReference = ABBC8B4829720BB300EAE439 /* SphereBoundingBox.app */;
			productType = "com.apple.product-type.application";
		};
		ABBC8B5829720BB400EAE439 /* SphereBoundingBoxTests */ = {
			isa = PBXNativeTarget;
			buildConfigurationList = ABBC8B7029720BB400EAE439 /* Build configuration list for PBXNativeTarget "SphereBoundingBoxTests" */;
			buildPhases = (
				ABBC8B5529720BB400EAE439 /* Sources */,
				ABBC8B5629720BB400EAE439 /* Frameworks */,
				ABBC8B5729720BB400EAE439 /* Resources */,
			);
			buildRules = (
			);
			dependencies = (
				ABBC8B5B29720BB400EAE439 /* PBXTargetDependency */,
			);
			name = SphereBoundingBoxTests;
			productName = SphereBoundingBoxTests;
			productReference = ABBC8B5929720BB400EAE439 /* SphereBoundingBoxTests.xctest */;
			productType = "com.apple.product-type.bundle.unit-test";
		};
		ABBC8B6229720BB400EAE439 /* SphereBoundingBoxUITests */ = {
			isa = PBXNativeTarget;
			buildConfigurationList = ABBC8B7329720BB400EAE439 /* Build configuration list for PBXNativeTarget "SphereBoundingBoxUITests" */;
			buildPhases = (
				ABBC8B5F29720BB400EAE439 /* Sources */,
				ABBC8B6029720BB400EAE439 /* Frameworks */,
				ABBC8B6129720BB400EAE439 /* Resources */,
			);
			buildRules = (
			);
			dependencies = (
				ABBC8B6529720BB400EAE439 /* PBXTargetDependency */,
			);
			name = SphereBoundingBoxUITests;
			productName = SphereBoundingBoxUITests;
			productReference = ABBC8B6329720BB400EAE439 /* SphereBoundingBoxUITests.xctest */;
			productType = "com.apple.product-type.bundle.ui-testing";
		};
/* End PBXNativeTarget section */

/* Begin PBXProject section */
		ABBC8B4029720BB300EAE439 /* Project object */ = {
			isa = PBXProject;
			attributes = {
				BuildIndependentTargetsInParallel = 1;
				LastSwiftUpdateCheck = 1420;
				LastUpgradeCheck = 1420;
				TargetAttributes = {
					ABBC8B4729720BB300EAE439 = {
						CreatedOnToolsVersion = 14.2;
					};
					ABBC8B5829720BB400EAE439 = {
						CreatedOnToolsVersion = 14.2;
						TestTargetID = ABBC8B4729720BB300EAE439;
					};
					ABBC8B6229720BB400EAE439 = {
						CreatedOnToolsVersion = 14.2;
						TestTargetID = ABBC8B4729720BB300EAE439;
					};
				};
			};
			buildConfigurationList = ABBC8B4329720BB300EAE439 /* Build configuration list for PBXProject "SphereBoundingBox" */;
			compatibilityVersion = "Xcode 14.0";
			developmentRegion = en;
			hasScannedForEncodings = 0;
			knownRegions = (
				en,
				Base,
			);
			mainGroup = ABBC8B3F29720BB300EAE439;
			productRefGroup = ABBC8B4929720BB300EAE439 /* Products */;
			projectDirPath = "";
			projectRoot = "";
			targets = (
				ABBC8B4729720BB300EAE439 /* SphereBoundingBox */,
				ABBC8B5829720BB400EAE439 /* SphereBoundingBoxTests */,
				ABBC8B6229720BB400EAE439 /* SphereBoundingBoxUITests */,
			);
		};
/* End PBXProject section */

/* Begin PBXResourcesBuildPhase section */
		ABBC8B4629720BB300EAE439 /* Resources */ = {
			isa = PBXResourcesBuildPhase;
			buildActionMask = 2147483647;
			files = (
				ABBC8B5429720BB400EAE439 /* Preview Assets.xcassets in Resources */,
				ABBC8B5029720BB400EAE439 /* Assets.xcassets in Resources */,
			);
			runOnlyForDeploymentPostprocessing = 0;
		};
		ABBC8B5729720BB400EAE439 /* Resources */ = {
			isa = PBXResourcesBuildPhase;
			buildActionMask = 2147483647;
			files = (
			);
			runOnlyForDeploymentPostprocessing = 0;
		};
		ABBC8B6129720BB400EAE439 /* Resources */ = {
			isa = PBXResourcesBuildPhase;
			buildActionMask = 2147483647;
			files = (
			);
			runOnlyForDeploymentPostprocessing = 0;
		};
/* End PBXResourcesBuildPhase section */

/* Begin PBXSourcesBuildPhase section */
		ABBC8B4429720BB300EAE439 /* Sources */ = {
			isa = PBXSourcesBuildPhase;
			buildActionMask = 2147483647;
			files = (
				ABBC8B4E29720BB300EAE439 /* ContentView.swift in Sources */,
				ABBC8B4C29720BB300EAE439 /* SphereBoundingBoxApp.swift in Sources */,
			);
			runOnlyForDeploymentPostprocessing = 0;
		};
		ABBC8B5529720BB400EAE439 /* Sources */ = {
			isa = PBXSourcesBuildPhase;
			buildActionMask = 2147483647;
			files = (
				ABBC8B5E29720BB400EAE439 /* SphereBoundingBoxTests.swift in Sources */,
			);
			runOnlyForDeploymentPostprocessing = 0;
		};
		ABBC8B5F29720BB400EAE439 /* Sources */ = {
			isa = PBXSourcesBuildPhase;
			buildActionMask = 2147483647;
			files = (
				ABBC8B6829720BB400EAE439 /* SphereBoundingBoxUITests.swift in Sources */,
				ABBC8B6A29720BB400EAE439 /* SphereBoundingBoxUITestsLaunchTests.swift in Sources */,
			);
			runOnlyForDeploymentPostprocessing = 0;
		};
/* End PBXSourcesBuildPhase section */

/* Begin PBXTargetDependency section */
		ABBC8B5B29720BB400EAE439 /* PBXTargetDependency */ = {
			isa = PBXTargetDependency;
			target = ABBC8B4729720BB300EAE439 /* SphereBoundingBox */;
			targetProxy = ABBC8B5A29720BB400EAE439 /* PBXContainerItemProxy */;
		};
		ABBC8B6529720BB400EAE439 /* PBXTargetDependency */ = {
			isa = PBXTargetDependency;
			target = ABBC8B4729720BB300EAE439 /* SphereBoundingBox */;
			targetProxy = ABBC8B6429720BB400EAE439 /* PBXContainerItemProxy */;
		};
/* End PBXTargetDependency section */

/* Begin XCBuildConfiguration section */
		ABBC8B6B29720BB400EAE439 /* Debug */ = {
			isa = XCBuildConfiguration;
			buildSettings = {
				ALWAYS_SEARCH_USER_PATHS = NO;
				CLANG_ANALYZER_NONNULL = YES;
				CLANG_ANALYZER_NUMBER_OBJECT_CONVERSION = YES_AGGRESSIVE;
				CLANG_CXX_LANGUAGE_STANDARD = "gnu++20";
				CLANG_ENABLE_MODULES = YES;
				CLANG_ENABLE_OBJC_ARC = YES;
				CLANG_ENABLE_OBJC_WEAK = YES;
				CLANG_WARN_BLOCK_CAPTURE_AUTORELEASING = YES;
				CLANG_WARN_BOOL_CONVERSION = YES;
				CLANG_WARN_COMMA = YES;
				CLANG_WARN_CONSTANT_CONVERSION = YES;
				CLANG_WARN_DEPRECATED_OBJC_IMPLEMENTATIONS = YES;
				CLANG_WARN_DIRECT_OBJC_ISA_USAGE = YES_ERROR;
				CLANG_WARN_DOCUMENTATION_COMMENTS = YES;
				CLANG_WARN_EMPTY_BODY = YES;
				CLANG_WARN_ENUM_CONVERSION = YES;
				CLANG_WARN_INFINITE_RECURSION = YES;
				CLANG_WARN_INT_CONVERSION = YES;
				CLANG_WARN_NON_LITERAL_NULL_CONVERSION = YES;
				CLANG_WARN_OBJC_IMPLICIT_RETAIN_SELF = YES;
				CLANG_WARN_OBJC_LITERAL_CONVERSION = YES;
				CLANG_WARN_OBJC_ROOT_CLASS = YES_ERROR;
				CLANG_WARN_QUOTED_INCLUDE_IN_FRAMEWORK_HEADER = YES;
				CLANG_WARN_RANGE_LOOP_ANALYSIS = YES;
				CLANG_WARN_STRICT_PROTOTYPES = YES;
				CLANG_WARN_SUSPICIOUS_MOVE = YES;
				CLANG_WARN_UNGUARDED_AVAILABILITY = YES_AGGRESSIVE;
				CLANG_WARN_UNREACHABLE_CODE = YES;
				CLANG_WARN__DUPLICATE_METHOD_MATCH = YES;
				COPY_PHASE_STRIP = NO;
				DEBUG_INFORMATION_FORMAT = dwarf;
				ENABLE_STRICT_OBJC_MSGSEND = YES;
				ENABLE_TESTABILITY = YES;
				GCC_C_LANGUAGE_STANDARD = gnu11;
				GCC_DYNAMIC_NO_PIC = NO;
				GCC_NO_COMMON_BLOCKS = YES;
				GCC_OPTIMIZATION_LEVEL = 0;
				GCC_PREPROCESSOR_DEFINITIONS = (
					"DEBUG=1",
					"$(inherited)",
				);
				GCC_WARN_64_TO_32_BIT_CONVERSION = YES;
				GCC_WARN_ABOUT_RETURN_TYPE = YES_ERROR;
				GCC_WARN_UNDECLARED_SELECTOR = YES;
				GCC_WARN_UNINITIALIZED_AUTOS = YES_AGGRESSIVE;
				GCC_WARN_UNUSED_FUNCTION = YES;
				GCC_WARN_UNUSED_VARIABLE = YES;
				MTL_ENABLE_DEBUG_INFO = INCLUDE_SOURCE;
				MTL_FAST_MATH = YES;
				ONLY_ACTIVE_ARCH = YES;
				SWIFT_ACTIVE_COMPILATION_CONDITIONS = DEBUG;
				SWIFT_OPTIMIZATION_LEVEL = "-Onone";
			};
			name = Debug;
		};
		ABBC8B6C29720BB400EAE439 /* Release */ = {
			isa = XCBuildConfiguration;
			buildSettings = {
				ALWAYS_SEARCH_USER_PATHS = NO;
				CLANG_ANALYZER_NONNULL = YES;
				CLANG_ANALYZER_NUMBER_OBJECT_CONVERSION = YES_AGGRESSIVE;
				CLANG_CXX_LANGUAGE_STANDARD = "gnu++20";
				CLANG_ENABLE_MODULES = YES;
				CLANG_ENABLE_OBJC_ARC = YES;
				CLANG_ENABLE_OBJC_WEAK = YES;
				CLANG_WARN_BLOCK_CAPTURE_AUTORELEASING = YES;
				CLANG_WARN_BOOL_CONVERSION = YES;
				CLANG_WARN_COMMA = YES;
				CLANG_WARN_CONSTANT_CONVERSION = YES;
				CLANG_WARN_DEPRECATED_OBJC_IMPLEMENTATIONS = YES;
				CLANG_WARN_DIRECT_OBJC_ISA_USAGE = YES_ERROR;
				CLANG_WARN_DOCUMENTATION_COMMENTS = YES;
				CLANG_WARN_EMPTY_BODY = YES;
				CLANG_WARN_ENUM_CONVERSION = YES;
				CLANG_WARN_INFINITE_RECURSION = YES;
				CLANG_WARN_INT_CONVERSION = YES;
				CLANG_WARN_NON_LITERAL_NULL_CONVERSION = YES;
				CLANG_WARN_OBJC_IMPLICIT_RETAIN_SELF = YES;
				CLANG_WARN_OBJC_LITERAL_CONVERSION = YES;
				CLANG_WARN_OBJC_ROOT_CLASS = YES_ERROR;
				CLANG_WARN_QUOTED_INCLUDE_IN_FRAMEWORK_HEADER = YES;
				CLANG_WARN_RANGE_LOOP_ANALYSIS = YES;
				CLANG_WARN_STRICT_PROTOTYPES = YES;
				CLANG_WARN_SUSPICIOUS_MOVE = YES;
				CLANG_WARN_UNGUARDED_AVAILABILITY = YES_AGGRESSIVE;
				CLANG_WARN_UNREACHABLE_CODE = YES;
				CLANG_WARN__DUPLICATE_METHOD_MATCH = YES;
				COPY_PHASE_STRIP = NO;
				DEBUG_INFORMATION_FORMAT = "dwarf-with-dsym";
				ENABLE_NS_ASSERTIONS = NO;
				ENABLE_STRICT_OBJC_MSGSEND = YES;
				GCC_C_LANGUAGE_STANDARD = gnu11;
				GCC_NO_COMMON_BLOCKS = YES;
				GCC_WARN_64_TO_32_BIT_CONVERSION = YES;
				GCC_WARN_ABOUT_RETURN_TYPE = YES_ERROR;
				GCC_WARN_UNDECLARED_SELECTOR = YES;
				GCC_WARN_UNINITIALIZED_AUTOS = YES_AGGRESSIVE;
				GCC_WARN_UNUSED_FUNCTION = YES;
				GCC_WARN_UNUSED_VARIABLE = YES;
				MTL_ENABLE_DEBUG_INFO = NO;
				MTL_FAST_MATH = YES;
				SWIFT_COMPILATION_MODE = wholemodule;
				SWIFT_OPTIMIZATION_LEVEL = "-O";
			};
			name = Release;
		};
		ABBC8B6E29720BB400EAE439 /* Debug */ = {
			isa = XCBuildConfiguration;
			buildSettings = {
				ASSETCATALOG_COMPILER_APPICON_NAME = AppIcon;
				ASSETCATALOG_COMPILER_GLOBAL_ACCENT_COLOR_NAME = AccentColor;
				CODE_SIGN_ENTITLEMENTS = SphereBoundingBox/SphereBoundingBox.entitlements;
				CODE_SIGN_STYLE = Automatic;
				CURRENT_PROJECT_VERSION = 1;
				DEVELOPMENT_ASSET_PATHS = "\"SphereBoundingBox/Preview Content\"";
				ENABLE_PREVIEWS = YES;
				GENERATE_INFOPLIST_FILE = YES;
				"INFOPLIST_KEY_UIApplicationSceneManifest_Generation[sdk=iphoneos*]" = YES;
				"INFOPLIST_KEY_UIApplicationSceneManifest_Generation[sdk=iphonesimulator*]" = YES;
				"INFOPLIST_KEY_UIApplicationSupportsIndirectInputEvents[sdk=iphoneos*]" = YES;
				"INFOPLIST_KEY_UIApplicationSupportsIndirectInputEvents[sdk=iphonesimulator*]" = YES;
				"INFOPLIST_KEY_UILaunchScreen_Generation[sdk=iphoneos*]" = YES;
				"INFOPLIST_KEY_UILaunchScreen_Generation[sdk=iphonesimulator*]" = YES;
				"INFOPLIST_KEY_UIStatusBarStyle[sdk=iphoneos*]" = UIStatusBarStyleDefault;
				"INFOPLIST_KEY_UIStatusBarStyle[sdk=iphonesimulator*]" = UIStatusBarStyleDefault;
				INFOPLIST_KEY_UISupportedInterfaceOrientations_iPad = "UIInterfaceOrientationPortrait UIInterfaceOrientationPortraitUpsideDown UIInterfaceOrientationLandscapeLeft UIInterfaceOrientationLandscapeRight";
				INFOPLIST_KEY_UISupportedInterfaceOrientations_iPhone = "UIInterfaceOrientationPortrait UIInterfaceOrientationLandscapeLeft UIInterfaceOrientationLandscapeRight";
				IPHONEOS_DEPLOYMENT_TARGET = 16.2;
				LD_RUNPATH_SEARCH_PATHS = "@executable_path/Frameworks";
				"LD_RUNPATH_SEARCH_PATHS[sdk=macosx*]" = "@executable_path/../Frameworks";
				MACOSX_DEPLOYMENT_TARGET = 13.1;
				MARKETING_VERSION = 1.0;
				PRODUCT_BUNDLE_IDENTIFIER = com.MM.SphereBoundingBox;
				PRODUCT_NAME = "$(TARGET_NAME)";
				SDKROOT = auto;
				SUPPORTED_PLATFORMS = "iphoneos iphonesimulator macosx";
				SWIFT_EMIT_LOC_STRINGS = YES;
				SWIFT_VERSION = 5.0;
				TARGETED_DEVICE_FAMILY = "1,2";
			};
			name = Debug;
		};
		ABBC8B6F29720BB400EAE439 /* Release */ = {
			isa = XCBuildConfiguration;
			buildSettings = {
				ASSETCATALOG_COMPILER_APPICON_NAME = AppIcon;
				ASSETCATALOG_COMPILER_GLOBAL_ACCENT_COLOR_NAME = AccentColor;
				CODE_SIGN_ENTITLEMENTS = SphereBoundingBox/SphereBoundingBox.entitlements;
				CODE_SIGN_STYLE = Automatic;
				CURRENT_PROJECT_VERSION = 1;
				DEVELOPMENT_ASSET_PATHS = "\"SphereBoundingBox/Preview Content\"";
				ENABLE_PREVIEWS = YES;
				GENERATE_INFOPLIST_FILE = YES;
				"INFOPLIST_KEY_UIApplicationSceneManifest_Generation[sdk=iphoneos*]" = YES;
				"INFOPLIST_KEY_UIApplicationSceneManifest_Generation[sdk=iphonesimulator*]" = YES;
				"INFOPLIST_KEY_UIApplicationSupportsIndirectInputEvents[sdk=iphoneos*]" = YES;
				"INFOPLIST_KEY_UIApplicationSupportsIndirectInputEvents[sdk=iphonesimulator*]" = YES;
				"INFOPLIST_KEY_UILaunchScreen_Generation[sdk=iphoneos*]" = YES;
				"INFOPLIST_KEY_UILaunchScreen_Generation[sdk=iphonesimulator*]" = YES;
				"INFOPLIST_KEY_UIStatusBarStyle[sdk=iphoneos*]" = UIStatusBarStyleDefault;
				"INFOPLIST_KEY_UIStatusBarStyle[sdk=iphonesimulator*]" = UIStatusBarStyleDefault;
				INFOPLIST_KEY_UISupportedInterfaceOrientations_iPad = "UIInterfaceOrientationPortrait UIInterfaceOrientationPortraitUpsideDown UIInterfaceOrientationLandscapeLeft UIInterfaceOrientationLandscapeRight";
				INFOPLIST_KEY_UISupportedInterfaceOrientations_iPhone = "UIInterfaceOrientationPortrait UIInterfaceOrientationLandscapeLeft UIInterfaceOrientationLandscapeRight";
				IPHONEOS_DEPLOYMENT_TARGET = 16.2;
				LD_RUNPATH_SEARCH_PATHS = "@executable_path/Frameworks";
				"LD_RUNPATH_SEARCH_PATHS[sdk=macosx*]" = "@executable_path/../Frameworks";
				MACOSX_DEPLOYMENT_TARGET = 13.1;
				MARKETING_VERSION = 1.0;
				PRODUCT_BUNDLE_IDENTIFIER = com.MM.SphereBoundingBox;
				PRODUCT_NAME = "$(TARGET_NAME)";
				SDKROOT = auto;
				SUPPORTED_PLATFORMS = "iphoneos iphonesimulator macosx";
				SWIFT_EMIT_LOC_STRINGS = YES;
				SWIFT_VERSION = 5.0;
				TARGETED_DEVICE_FAMILY = "1,2";
			};
			name = Release;
		};
		ABBC8B7129720BB400EAE439 /* Debug */ = {
			isa = XCBuildConfiguration;
			buildSettings = {
				ALWAYS_EMBED_SWIFT_STANDARD_LIBRARIES = YES;
				BUNDLE_LOADER = "$(TEST_HOST)";
				CODE_SIGN_STYLE = Automatic;
				CURRENT_PROJECT_VERSION = 1;
				GENERATE_INFOPLIST_FILE = YES;
				IPHONEOS_DEPLOYMENT_TARGET = 16.2;
				MACOSX_DEPLOYMENT_TARGET = 13.1;
				MARKETING_VERSION = 1.0;
				PRODUCT_BUNDLE_IDENTIFIER = com.MM.SphereBoundingBoxTests;
				PRODUCT_NAME = "$(TARGET_NAME)";
				SDKROOT = auto;
				SUPPORTED_PLATFORMS = "iphoneos iphonesimulator macosx";
				SWIFT_EMIT_LOC_STRINGS = NO;
				SWIFT_VERSION = 5.0;
				TARGETED_DEVICE_FAMILY = "1,2";
				TEST_HOST = "$(BUILT_PRODUCTS_DIR)/SphereBoundingBox.app/$(BUNDLE_EXECUTABLE_FOLDER_PATH)/SphereBoundingBox";
			};
			name = Debug;
		};
		ABBC8B7229720BB400EAE439 /* Release */ = {
			isa = XCBuildConfiguration;
			buildSettings = {
				ALWAYS_EMBED_SWIFT_STANDARD_LIBRARIES = YES;
				BUNDLE_LOADER = "$(TEST_HOST)";
				CODE_SIGN_STYLE = Automatic;
				CURRENT_PROJECT_VERSION = 1;
				GENERATE_INFOPLIST_FILE = YES;
				IPHONEOS_DEPLOYMENT_TARGET = 16.2;
				MACOSX_DEPLOYMENT_TARGET = 13.1;
				MARKETING_VERSION = 1.0;
				PRODUCT_BUNDLE_IDENTIFIER = com.MM.SphereBoundingBoxTests;
				PRODUCT_NAME = "$(TARGET_NAME)";
				SDKROOT = auto;
				SUPPORTED_PLATFORMS = "iphoneos iphonesimulator macosx";
				SWIFT_EMIT_LOC_STRINGS = NO;
				SWIFT_VERSION = 5.0;
				TARGETED_DEVICE_FAMILY = "1,2";
				TEST_HOST = "$(BUILT_PRODUCTS_DIR)/SphereBoundingBox.app/$(BUNDLE_EXECUTABLE_FOLDER_PATH)/SphereBoundingBox";
			};
			name = Release;
		};
		ABBC8B7429720BB400EAE439 /* Debug */ = {
			isa = XCBuildConfiguration;
			buildSettings = {
				ALWAYS_EMBED_SWIFT_STANDARD_LIBRARIES = YES;
				CODE_SIGN_STYLE = Automatic;
				CURRENT_PROJECT_VERSION = 1;
				GENERATE_INFOPLIST_FILE = YES;
				IPHONEOS_DEPLOYMENT_TARGET = 16.2;
				MACOSX_DEPLOYMENT_TARGET = 13.1;
				MARKETING_VERSION = 1.0;
				PRODUCT_BUNDLE_IDENTIFIER = com.MM.SphereBoundingBoxUITests;
				PRODUCT_NAME = "$(TARGET_NAME)";
				SDKROOT = auto;
				SUPPORTED_PLATFORMS = "iphoneos iphonesimulator macosx";
				SWIFT_EMIT_LOC_STRINGS = NO;
				SWIFT_VERSION = 5.0;
				TARGETED_DEVICE_FAMILY = "1,2";
				TEST_TARGET_NAME = SphereBoundingBox;
			};
			name = Debug;
		};
		ABBC8B7529720BB400EAE439 /* Release */ = {
			isa = XCBuildConfiguration;
			buildSettings = {
				ALWAYS_EMBED_SWIFT_STANDARD_LIBRARIES = YES;
				CODE_SIGN_STYLE = Automatic;
				CURRENT_PROJECT_VERSION = 1;
				GENERATE_INFOPLIST_FILE = YES;
				IPHONEOS_DEPLOYMENT_TARGET = 16.2;
				MACOSX_DEPLOYMENT_TARGET = 13.1;
				MARKETING_VERSION = 1.0;
				PRODUCT_BUNDLE_IDENTIFIER = com.MM.SphereBoundingBoxUITests;
				PRODUCT_NAME = "$(TARGET_NAME)";
				SDKROOT = auto;
				SUPPORTED_PLATFORMS = "iphoneos iphonesimulator macosx";
				SWIFT_EMIT_LOC_STRINGS = NO;
				SWIFT_VERSION = 5.0;
				TARGETED_DEVICE_FAMILY = "1,2";
				TEST_TARGET_NAME = SphereBoundingBox;
			};
			name = Release;
		};
/* End XCBuildConfiguration section */

/* Begin XCConfigurationList section */
		ABBC8B4329720BB300EAE439 /* Build configuration list for PBXProject "SphereBoundingBox" */ = {
			isa = XCConfigurationList;
			buildConfigurations = (
				ABBC8B6B29720BB400EAE439 /* Debug */,
				ABBC8B6C29720BB400EAE439 /* Release */,
			);
			defaultConfigurationIsVisible = 0;
			defaultConfigurationName = Release;
		};
		ABBC8B6D29720BB400EAE439 /* Build configuration list for PBXNativeTarget "SphereBoundingBox" */ = {
			isa = XCConfigurationList;
			buildConfigurations = (
				ABBC8B6E29720BB400EAE439 /* Debug */,
				ABBC8B6F29720BB400EAE439 /* Release */,
			);
			defaultConfigurationIsVisible = 0;
			defaultConfigurationName = Release;
		};
		ABBC8B7029720BB400EAE439 /* Build configuration list for PBXNativeTarget "SphereBoundingBoxTests" */ = {
			isa = XCConfigurationList;
			buildConfigurations = (
				ABBC8B7129720BB400EAE439 /* Debug */,
				ABBC8B7229720BB400EAE439 /* Release */,
			);
			defaultConfigurationIsVisible = 0;
			defaultConfigurationName = Release;
		};
		ABBC8B7329720BB400EAE439 /* Build configuration list for PBXNativeTarget "SphereBoundingBoxUITests" */ = {
			isa = XCConfigurationList;
			buildConfigurations = (
				ABBC8B7429720BB400EAE439 /* Debug */,
				ABBC8B7529720BB400EAE439 /* Release */,
			);
			defaultConfigurationIsVisible = 0;
			defaultConfigurationName = Release;
		};
/* End XCConfigurationList section */
	};
	rootObject = ABBC8B4029720BB300EAE439 /* Project object */;
}
